
Microsoft Visual Studio Solution File, Format Version 12.00
# Visual Studio Version 17
VisualStudioVersion = 17.2.32616.157
MinimumVisualStudioVersion = 10.0.40219.1
Project("{FAE04EC0-301F-11D3-BF4B-00C04F79EFBC}") = "BooksApp", "BooksApp\BooksApp.csproj", "{F3B770BB-FF47-481D-B80E-DB8882E088A8}"
EndProject
Global
	GlobalSection(SolutionConfigurationPlatforms) = preSolution
		Debug|Any CPU = Debug|Any CPU
		Release|Any CPU = Release|Any CPU
	EndGlobalSection
	GlobalSection(ProjectConfigurationPlatforms) = postSolution
		{F3B770BB-FF47-481D-B80E-DB8882E088A8}.Debug|Any CPU.ActiveCfg = Debug|Any CPU
		{F3B770BB-FF47-481D-B80E-DB8882E088A8}.Debug|Any CPU.Build.0 = Debug|Any CPU
		{F3B770BB-FF47-481D-B80E-DB8882E088A8}.Release|Any CPU.ActiveCfg = Release|Any CPU
		{F3B770BB-FF47-481D-B80E-DB8882E088A8}.Release|Any CPU.Build.0 = Release|Any CPU
	EndGlobalSection
	GlobalSection(SolutionProperties) = preSolution
		HideSolutionNode = FALSE
	EndGlobalSection
	GlobalSection(ExtensibilityGlobals) = postSolution
		SolutionGuid = {22AD1770-085D-4790-A71D-AE6CBAAFA969}
	EndGlobalSection
EndGlobal
